// !$*UTF8*$!
{
    archiveVersion = 1;
    classes = {
    };
    objectVersion = 56;
    objects = {

/* Begin PBXBuildFile section */
        3A5E7F2512A08A9C00000012 /* App.swift in Sources */ = {isa = PBXBuildFile; fileRef = 3A5E7F2512A08A9C0000000B /* App.swift */; };
        3A5E7F2512A08A9C00000013 /* ContentView.swift in Sources */ = {isa = PBXBuildFile; fileRef = 3A5E7F2512A08A9C0000000C /* ContentView.swift */; };
        3A5E7F2512A08A9C00000014 /* Assets.xcassets in Resources */ = {isa = PBXBuildFile; fileRef = 3A5E7F2512A08A9C0000000D /* Assets.xcassets */; };
/* End PBXBuildFile section */

/* Begin PBXFileReference section */
        3A5E7F2512A08A9C0000000A /* TodoApp.app */ = {isa = PBXFileReference; explicitFileType = wrapper.application; includeInIndex = 0; path = TodoApp.app; sourceTree = BUILT_PRODUCTS_DIR; };
        3A5E7F2512A08A9C0000000B /* App.swift */ = {isa = PBXFileReference; lastKnownFileType = sourcecode.swift; path = App.swift; sourceTree = "<group>"; };
        3A5E7F2512A08A9C0000000C /* ContentView.swift */ = {isa = PBXFileReference; lastKnownFileType = sourcecode.swift; path = ContentView.swift; sourceTree = "<group>"; };
        3A5E7F2512A08A9C0000000D /* Assets.xcassets */ = {isa = PBXFileReference; lastKnownFileType = folder.assetcatalog; path = Assets.xcassets; sourceTree = "<group>"; };
        3A5E7F2512A08A9C0000000E /* Info.plist */ = {isa = PBXFileReference; lastKnownFileType = text.plist.xml; path = Info.plist; sourceTree = "<group>"; };
/* End PBXFileReference section */

/* Begin PBXFrameworksBuildPhase section */
        3A5E7F2512A08A9C00000011 /* Frameworks */ = {
            isa = PBXFrameworksBuildPhase;
            buildActionMask = 2147483647;
            files = (
            );
            runOnlyForDeploymentPostprocessing = 0;
        };
/* End PBXFrameworksBuildPhase section */

/* Begin PBXGroup section */
        3A5E7F2512A08A9C00000007 /* MyTodoApp */ = {
            isa = PBXGroup;
            children = (
                3A5E7F2512A08A9C0000000B /* App.swift */,
                3A5E7F2512A08A9C0000000C /* ContentView.swift */,
                3A5E7F2512A08A9C0000000D /* Assets.xcassets */,
                3A5E7F2512A08A9C0000000E /* Info.plist */,
            );
            path = MyTodoApp;
            sourceTree = "<group>";
        };
        3A5E7F2512A08A9C00000008 /* Products */ = {
            isa = PBXGroup;
            children = (
                3A5E7F2512A08A9C0000000A /* TodoApp.app */,
            );
            sourceTree = "<group>";
        };
        3A5E7F2512A08A9C00000009 /* Root */ = {
            isa = PBXGroup;
            children = (
                3A5E7F2512A08A9C00000007 /* MyTodoApp */,
                3A5E7F2512A08A9C00000008 /* Products */,
            );
            sourceTree = "<group>";
        };
/* End PBXGroup section */

/* Begin PBXNativeTarget section */
        3A5E7F2512A08A9C00000003 /* TodoApp */ = {
            isa = PBXNativeTarget;
            buildConfigurationList = 3A5E7F2512A08A9C00000004 /* Build configuration list for PBXNativeTarget "TodoApp" */;
            buildPhases = (
                3A5E7F2512A08A9C0000000F /* Sources */,
                3A5E7F2512A08A9C00000010 /* Resources */,
                3A5E7F2512A08A9C00000011 /* Frameworks */,
            );
            buildRules = (
            );
            dependencies = (
            );
            name = TodoApp;
            productName = TodoApp;
            productReference = 3A5E7F2512A08A9C0000000A /* TodoApp.app */;
            productType = "com.apple.product-type.application";
        };
/* End PBXNativeTarget section */

/* Begin PBXProject section */
        3A5E7F2512A08A9C00000002 /* Project object */ = {
            isa = PBXProject;
            attributes = {
                BuildIndependentTargetsInParallel = YES;
                LastSwiftUpdateCheck = 1600;
                LastUpgradeCheck = 1600;
                TargetAttributes = {
                    3A5E7F2512A08A9C00000003 = {
                        CreatedOnToolsVersion = 16.0;
                    };
                };
            };
            buildConfigurationList = 3A5E7F2512A08A9C00000015 /* Build configuration list for PBXProject "MyTodoApp" */;
            compatibilityVersion = "Xcode 14.0";
            developmentRegion = en;
            hasScannedForEncodings = 0;
            knownRegions = (
                en,
                Base,
            );
            mainGroup = 3A5E7F2512A08A9C00000009 /* Root */;
            productRefGroup = 3A5E7F2512A08A9C00000008 /* Products */;
            projectDirPath = "";
            projectRoot = "";
            targets = (
                3A5E7F2512A08A9C00000003 /* TodoApp */,
            );
        };
/* End PBXProject section */

/* Begin PBXResourcesBuildPhase section */
        3A5E7F2512A08A9C00000010 /* Resources */ = {
            isa = PBXResourcesBuildPhase;
            buildActionMask = 2147483647;
            files = (
                3A5E7F2512A08A9C00000014 /* Assets.xcassets in Resources */,
            );
            runOnlyForDeploymentPostprocessing = 0;
        };
/* End PBXResourcesBuildPhase section */

/* Begin PBXSourcesBuildPhase section */
        3A5E7F2512A08A9C0000000F /* Sources */ = {
            isa = PBXSourcesBuildPhase;
            buildActionMask = 2147483647;
            files = (
                3A5E7F2512A08A9C00000012 /* App.swift in Sources */,
                3A5E7F2512A08A9C00000013 /* ContentView.swift in Sources */,
            );
            runOnlyForDeploymentPostprocessing = 0;
        };
/* End PBXSourcesBuildPhase section */

/* Begin XCBuildConfiguration section */
        3A5E7F2512A08A9C00000005 /* Debug */ = {
            isa = XCBuildConfiguration;
            buildSettings = {
                ASSETCATALOG_COMPILER_APPICON_NAME = AppIcon;
                CLANG_ENABLE_MODULES = YES;
                CODE_SIGN_STYLE = Automatic;
                CURRENT_PROJECT_VERSION = 1;
                GENERATE_INFOPLIST_FILE = NO;
                INFOPLIST_FILE = MyTodoApp/Info.plist;
                IPHONEOS_DEPLOYMENT_TARGET = 17.0;
                LD_RUNPATH_SEARCH_PATHS = (
                    "$(inherited)",
                    "@executable_path/Frameworks",
                );
                MARKETING_VERSION = 1.0;
                PRODUCT_BUNDLE_IDENTIFIER = com.example.TodoApp;
                PRODUCT_NAME = "$(TARGET_NAME)";
                SDKROOT = iphoneos;
                SWIFT_EMIT_LOC_STRINGS = YES;
                SWIFT_VERSION = 5.9;
                TARGETED_DEVICE_FAMILY = 1;
            };
            name = Debug;
        };
        3A5E7F2512A08A9C00000006 /* Release */ = {
            isa = XCBuildConfiguration;
            buildSettings = {
                ASSETCATALOG_COMPILER_APPICON_NAME = AppIcon;
                CLANG_ENABLE_MODULES = YES;
                CODE_SIGN_STYLE = Automatic;
                CURRENT_PROJECT_VERSION = 1;
                GENERATE_INFOPLIST_FILE = NO;
                INFOPLIST_FILE = MyTodoApp/Info.plist;
                IPHONEOS_DEPLOYMENT_TARGET = 17.0;
                LD_RUNPATH_SEARCH_PATHS = (
                    "$(inherited)",
                    "@executable_path/Frameworks",
                );
                MARKETING_VERSION = 1.0;
                PRODUCT_BUNDLE_IDENTIFIER = com.example.TodoApp;
                PRODUCT_NAME = "$(TARGET_NAME)";
                SDKROOT = iphoneos;
                SWIFT_EMIT_LOC_STRINGS = YES;
                SWIFT_VERSION = 5.9;
                TARGETED_DEVICE_FAMILY = 1;
            };
            name = Release;
        };
/* End XCBuildConfiguration section */

/* Begin XCConfigurationList section */
        3A5E7F2512A08A9C00000004 /* Build configuration list for PBXNativeTarget "TodoApp" */ = {
            isa = XCConfigurationList;
            buildConfigurations = (
                3A5E7F2512A08A9C00000005 /* Debug */,
                3A5E7F2512A08A9C00000006 /* Release */,
            );
            defaultConfigurationIsVisible = 0;
            defaultConfigurationName = Release;
        };
        3A5E7F2512A08A9C00000015 /* Build configuration list for PBXProject "MyTodoApp" */ = {
            isa = XCConfigurationList;
            buildConfigurations = (
                3A5E7F2512A08A9C00000005 /* Debug */,
                3A5E7F2512A08A9C00000006 /* Release */,
            );
            defaultConfigurationIsVisible = 0;
            defaultConfigurationName = Release;
        };
/* End XCConfigurationList section */

    };
    rootObject = 3A5E7F2512A08A9C00000002 /* Project object */;
}
