// !$*UTF8*$!
{
	archiveVersion = 1;
	classes = {};
	objectVersion = 55;
	objects = {

		111111111111111111111111 /* Project object */ = {
			isa = PBXProject;
			attributes = {
				LastUpgradeCheck = 1340;
				ORGANIZATIONNAME = "Example";
			};
			buildConfigurationList = 999999999999999999999999 /* Build configuration list for PBXProject */;
			compatibilityVersion = "Xcode 14.0";
			developmentRegion = English;
			hasScannedForEncodings = 0;
			knownRegions = (
				en,
			);
			mainGroup = 444444444444444444444444;
			productRefGroup = 444444444444444444444444;
			projectDirPath = "";
			projectRoots = "";
			targets = (
				222222222222222222222222 /* TodoApp */,
			);
		};

		222222222222222222222222 /* TodoApp */ = {
			isa = PBXNativeTarget;
			buildConfigurationList = aaaaaaaaaaaaaaaa11111111;
			buildPhases = (
				333333333333333333333333 /* Sources */,
			);
			buildRules = (
			);
			dependencies = (
			);
			name = TodoApp;
			productName = TodoApp;
			productReference = cccccccccccccccc33333333 /* TodoApp.app */;
			productType = "com.apple.product-type.application";
		};

		333333333333333333333333 /* Sources */ = {
			isa = PBXSourcesBuildPhase;
			buildActionMask = 2147483647;
			files = (
				dddddddddddddddd44444444 /* TodoApp.swift in Sources */,
				dddddddddddddddd55555555 /* Models/TodoItem.swift in Sources */,
				dddddddddddddddd66666666 /* Services/FileStorage.swift in Sources */,
				dddddddddddddddd77777777 /* Stores/TodoStore.swift in Sources */,
				dddddddddddddddd88888888 /* Views/TodoListView.swift in Sources */,
				dddddddddddddddd99999999 /* Views/TodoRowView.swift in Sources */,
			);
			runOnlyForDeploymentPostprocessing = 0;
		};

		444444444444444444444444 /* TodoApp */ = {
			isa = PBXGroup;
			children = (
				cccccccccccccccc11111111 /* TodoApp.swift */,
				555555555555555555555555 /* Models */,
				666666666666666666666666 /* Services */,
				777777777777777777777777 /* Stores */,
				888888888888888888888888 /* Views */,
				cccccccccccccccc22222222 /* Info.plist */,
			);
			name = TodoApp;
			sourceTree = "<group>";
		};

		555555555555555555555555 /* Models */ = {
			isa = PBXGroup;
			children = (
				cccccccccccccccc33333333 /* TodoItem.swift */,
			);
			name = Models;
			sourceTree = "<group>";
		};

		666666666666666666666666 /* Services */ = {
			isa = PBXGroup;
			children = (
				cccccccccccccccc44444444 /* FileStorage.swift */,
			);
			name = Services;
			sourceTree = "<group>";
		};

		777777777777777777777777 /* Stores */ = {
			isa = PBXGroup;
			children = (
				cccccccccccccccc55555555 /* TodoStore.swift */,
			);
			name = Stores;
			sourceTree = "<group>";
		};

		888888888888888888888888 /* Views */ = {
			isa = PBXGroup;
			children = (
				cccccccccccccccc66666666 /* TodoListView.swift */,
				cccccccccccccccc77777777 /* TodoRowView.swift */,
			);
			name = Views;
			sourceTree = "<group>";
		};

		cccccccccccccccc11111111 /* TodoApp.swift */ = {
			isa = PBXFileReference;
			lastKnownFileType = sourcecode.swift;
			path = TodoApp.swift;
			sourceTree = "<group>";
		};

		cccccccccccccccc33333333 /* TodoItem.swift */ = {
			isa = PBXFileReference;
			lastKnownFileType = sourcecode.swift;
			path = Models/TodoItem.swift;
			sourceTree = "<group>";
		};

		cccccccccccccccc44444444 /* FileStorage.swift */ = {
			isa = PBXFileReference;
			lastKnownFileType = sourcecode.swift;
			path = Services/FileStorage.swift;
			sourceTree = "<group>";
		};

		cccccccccccccccc55555555 /* TodoStore.swift */ = {
			isa = PBXFileReference;
			lastKnownFileType = sourcecode.swift;
			path = Stores/TodoStore.swift;
			sourceTree = "<group>";
		};

		cccccccccccccccc66666666 /* TodoListView.swift */ = {
			isa = PBXFileReference;
			lastKnownFileType = sourcecode.swift;
			path = Views/TodoListView.swift;
			sourceTree = "<group>";
		};

		cccccccccccccccc77777777 /* TodoRowView.swift */ = {
			isa = PBXFileReference;
			lastKnownFileType = sourcecode.swift;
			path = Views/TodoRowView.swift;
			sourceTree = "<group>";
		};

		cccccccccccccccc22222222 /* Info.plist */ = {
			isa = PBXFileReference;
			lastKnownFileType = text.plist.xml;
			path = Info.plist;
			sourceTree = "<group>";
		};

		cccccccccccccccc33333333 /* TodoApp.app */ = {
			isa = PBXFileReference;
			lastKnownFileType = wrapper.application;
			path = TodoApp.app;
			sourceTree = BUILT_PRODUCTS_DIR;
		};

		dddddddddddddddd44444444 /* TodoApp.swift in Sources */ = {
			isa = PBXBuildFile;
			fileRef = cccccccccccccccc11111111 /* TodoApp.swift */;
		};

		dddddddddddddddd55555555 /* Models/TodoItem.swift in Sources */ = {
			isa = PBXBuildFile;
			fileRef = cccccccccccccccc33333333 /* TodoItem.swift */;
		};

		dddddddddddddddd66666666 /* Services/FileStorage.swift in Sources */ = {
			isa = PBXBuildFile;
			fileRef = cccccccccccccccc44444444 /* FileStorage.swift */;
		};

		dddddddddddddddd77777777 /* Stores/TodoStore.swift in Sources */ = {
			isa = PBXBuildFile;
			fileRef = cccccccccccccccc55555555 /* TodoStore.swift */;
		};

		dddddddddddddddd88888888 /* Views/TodoListView.swift in Sources */ = {
			isa = PBXBuildFile;
			fileRef = cccccccccccccccc66666666 /* TodoListView.swift */;
		};

		dddddddddddddddd99999999 /* Views/TodoRowView.swift in Sources */ = {
			isa = PBXBuildFile;
			fileRef = cccccccccccccccc77777777 /* TodoRowView.swift */;
		};

		aaaaaaaaaaaaaaaa11111111 /* Build configuration list for PBXNativeTarget TodoApp */ = {
			isa = XCConfigurationList;
			buildConfigurations = (
				bbbbbbbbbbbbbbbb22222222 /* Release */,
				aaaaaaaaaaaaaaaacccccccc /* Debug */,
			);
			defaultConfigurationIsVisible = 0;
			defaultConfigurationName = Debug;
		};

		bbbbbbbbbbbbbbbb22222222 /* Release */ = {
			isa = XCBuildConfiguration;
			buildSettings = {
				ASSETCATALOG_COMPILER_APPICON_NAME = AppIcon;
				CODE_SIGN_IDENTITY = "iPhone Developer";
				CODE_SIGN_STYLE = Automatic;
				DEVELOPMENT_TEAM = "";
				ENABLE_BITCODE = NO;
				INFOPLIST_FILE = Info.plist;
				IPHONEOS_DEPLOYMENT_TARGET = 17.0;
				PRODUCT_BUNDLE_IDENTIFIER = com.example.TodoApp;
				PRODUCT_NAME = TodoApp;
				SDKROOT = iphoneos;
				SWIFT_VERSION = 5.0;
				TARGETED_DEVICE_FAMILY = "1,2";
			};
			name = Release;
		};

		aaaaaaaaaaaaaaaacccccccc /* Debug */ = {
			isa = XCBuildConfiguration;
			buildSettings = {
				ASSETCATALOG_COMPILER_APPICON_NAME = AppIcon;
				CODE_SIGN_IDENTITY = "iPhone Developer";
				CODE_SIGN_STYLE = Automatic;
				DEVELOPMENT_TEAM = "";
				ENABLE_BITCODE = NO;
				INFOPLIST_FILE = Info.plist;
				IPHONEOS_DEPLOYMENT_TARGET = 17.0;
				PRODUCT_BUNDLE_IDENTIFIER = com.example.TodoApp;
				PRODUCT_NAME = TodoApp;
				SDKROOT = iphoneos;
				SWIFT_VERSION = 5.0;
				TARGETED_DEVICE_FAMILY = "1,2";
			};
			name = Debug;
		};

		999999999999999999999999 /* Build configuration list for PBXProject */ = {
			isa = XCConfigurationList;
			buildConfigurations = (
				bbbbbbbbbbbbbbbb22222222 /* Release */,
				aaaaaaaaaaaaaaaacccccccc /* Debug */,
			);
			defaultConfigurationIsVisible = 0;
			defaultConfigurationName = Debug;
		};
	};
	rootObject = 111111111111111111111111 /* Project object */;
}
